github.com/gorilla/mux v1.8.0/go.mod h1:DVbg23sWSpFRCP0SfiEN6jmj59UnW/n46BH5rLB71So=
github.com/hellgrenj/bf-tsm v0.0.0-20210508072457-b49855404d78 h1:1WBL2kmES4YnKNN8ptzHRmFFsfp4v/f0wAhv89prOHI=
github.com/hellgrenj/bf-tsm v0.0.0-20210508072457-b49855404d78/go.mod h1:KHDt3DKvkFAFa5LSb96erqffslc11hJE2IX071dnmL4=
